// !$*UTF8*$!
{
	archiveVersion = 1;
	classes = {
	};
	objectVersion = 77;
	objects = {

/* Begin PBXContainerItemProxy section */
		7E8BCA712E0423E700BE5D13 /* PBXContainerItemProxy */ = {
			isa = PBXContainerItemProxy;
			containerPortal = 7E5123CD2DDF5BC600DF0831 /* Project object */;
			proxyType = 1;
			remoteGlobalIDString = 7E5123D42DDF5BC600DF0831;
			remoteInfo = TeamGen;
		};
		7E8BCAA72E04240500BE5D13 /* PBXContainerItemProxy */ = {
			isa = PBXContainerItemProxy;
			containerPortal = 7E5123CD2DDF5BC600DF0831 /* Project object */;
			proxyType = 1;
			remoteGlobalIDString = 7E5123D42DDF5BC600DF0831;
			remoteInfo = TeamGen;
		};
/* End PBXContainerItemProxy section */

/* Begin PBXFileReference section */
		7E5123D52DDF5BC600DF0831 /* TeamGen.app */ = {isa = PBXFileReference; explicitFileType = wrapper.application; includeInIndex = 0; path = TeamGen.app; sourceTree = BUILT_PRODUCTS_DIR; };
		7E8BCA6D2E0423E700BE5D13 /* TeamGenTests.xctest */ = {isa = PBXFileReference; explicitFileType = wrapper.cfbundle; includeInIndex = 0; path = TeamGenTests.xctest; sourceTree = BUILT_PRODUCTS_DIR; };
		7E8BCAA12E04240500BE5D13 /* TeamGenUITests.xctest */ = {isa = PBXFileReference; explicitFileType = wrapper.cfbundle; includeInIndex = 0; path = TeamGenUITests.xctest; sourceTree = BUILT_PRODUCTS_DIR; };
/* End PBXFileReference section */

/* Begin PBXFileSystemSynchronizedBuildFileExceptionSet section */
		7E8BCB052E04617300BE5D13 /* Exceptions for "TeamGenTests" folder in "TeamGenTests" target */ = {
			isa = PBXFileSystemSynchronizedBuildFileExceptionSet;
			membershipExceptions = (
				Core/Repositories/SwiftDataPlayerRepositoryTests.swift,
				Domain/Entities/PlayerEntityTests.swift,
				Domain/Entities/TeamEntityTests.swift,
				Domain/UseCases/GenerateTeamsUseCaseTests.swift,
				Domain/UseCases/ManagePlayersUseCaseTests.swift,
				Features/ViewModels/PlayerManagementViewModelTests.swift,
				TeamGenTests.swift,
			);
			target = 7E8BCA6C2E0423E700BE5D13 /* TeamGenTests */;
		};
		7E8BCB062E04617300BE5D13 /* Exceptions for "TeamGenTests" folder in "TeamGenUITests" target */ = {
			isa = PBXFileSystemSynchronizedBuildFileExceptionSet;
			membershipExceptions = (
				Core/Repositories/SwiftDataPlayerRepositoryTests.swift,
				Domain/Entities/PlayerEntityTests.swift,
				Domain/Entities/TeamEntityTests.swift,
				Domain/UseCases/GenerateTeamsUseCaseTests.swift,
				Domain/UseCases/ManagePlayersUseCaseTests.swift,
				Features/ViewModels/PlayerManagementViewModelTests.swift,
				TeamGenTests.swift,
			);
			target = 7E8BCAA02E04240500BE5D13 /* TeamGenUITests */;
		};
/* End PBXFileSystemSynchronizedBuildFileExceptionSet section */

/* Begin PBXFileSystemSynchronizedRootGroup section */
		7E5123D72DDF5BC600DF0831 /* TeamGen */ = {
			isa = PBXFileSystemSynchronizedRootGroup;
			path = TeamGen;
			sourceTree = "<group>";
		};
		7E8BCAA22E04240500BE5D13 /* TeamGenUITests */ = {
			isa = PBXFileSystemSynchronizedRootGroup;
			path = TeamGenUITests;
			sourceTree = "<group>";
		};
		7E8BCAFC2E04617300BE5D13 /* TeamGenTests */ = {
			isa = PBXFileSystemSynchronizedRootGroup;
			exceptions = (
				7E8BCB052E04617300BE5D13 /* Exceptions for "TeamGenTests" folder in "TeamGenTests" target */,
				7E8BCB062E04617300BE5D13 /* Exceptions for "TeamGenTests" folder in "TeamGenUITests" target */,
			);
			path = TeamGenTests;
			sourceTree = "<group>";
		};
/* End PBXFileSystemSynchronizedRootGroup section */

/* Begin PBXFrameworksBuildPhase section */
		7E5123D22DDF5BC600DF0831 /* Frameworks */ = {
			isa = PBXFrameworksBuildPhase;
			buildActionMask = 2147483647;
			files = (
			);
			runOnlyForDeploymentPostprocessing = 0;
		};
		7E8BCA6A2E0423E700BE5D13 /* Frameworks */ = {
			isa = PBXFrameworksBuildPhase;
			buildActionMask = 2147483647;
			files = (
			);
			runOnlyForDeploymentPostprocessing = 0;
		};
		7E8BCA9E2E04240500BE5D13 /* Frameworks */ = {
			isa = PBXFrameworksBuildPhase;
			buildActionMask = 2147483647;
			files = (
			);
			runOnlyForDeploymentPostprocessing = 0;
		};
/* End PBXFrameworksBuildPhase section */

/* Begin PBXGroup section */
		7E5123CC2DDF5BC600DF0831 = {
			isa = PBXGroup;
			children = (
				7E5123D72DDF5BC600DF0831 /* TeamGen */,
				7E8BCAFC2E04617300BE5D13 /* TeamGenTests */,
				7E8BCAA22E04240500BE5D13 /* TeamGenUITests */,
				7E5123D62DDF5BC600DF0831 /* Products */,
			);
			sourceTree = "<group>";
		};
		7E5123D62DDF5BC600DF0831 /* Products */ = {
			isa = PBXGroup;
			children = (
				7E5123D52DDF5BC600DF0831 /* TeamGen.app */,
				7E8BCA6D2E0423E700BE5D13 /* TeamGenTests.xctest */,
				7E8BCAA12E04240500BE5D13 /* TeamGenUITests.xctest */,
			);
			name = Products;
			sourceTree = "<group>";
		};
/* End PBXGroup section */

/* Begin PBXNativeTarget section */
		7E5123D42DDF5BC600DF0831 /* TeamGen */ = {
			isa = PBXNativeTarget;
			buildConfigurationList = 7E5123E22DDF5BC600DF0831 /* Build configuration list for PBXNativeTarget "TeamGen" */;
			buildPhases = (
				7E5123D12DDF5BC600DF0831 /* Sources */,
				7E5123D22DDF5BC600DF0831 /* Frameworks */,
				7E5123D32DDF5BC600DF0831 /* Resources */,
			);
			buildRules = (
			);
			dependencies = (
			);
			fileSystemSynchronizedGroups = (
				7E5123D72DDF5BC600DF0831 /* TeamGen */,
			);
			name = TeamGen;
			packageProductDependencies = (
			);
			productName = TeamGen;
			productReference = 7E5123D52DDF5BC600DF0831 /* TeamGen.app */;
			productType = "com.apple.product-type.application";
		};
		7E8BCA6C2E0423E700BE5D13 /* TeamGenTests */ = {
			isa = PBXNativeTarget;
			buildConfigurationList = 7E8BCA752E0423E700BE5D13 /* Build configuration list for PBXNativeTarget "TeamGenTests" */;
			buildPhases = (
				7E8BCA692E0423E700BE5D13 /* Sources */,
				7E8BCA6A2E0423E700BE5D13 /* Frameworks */,
				7E8BCA6B2E0423E700BE5D13 /* Resources */,
			);
			buildRules = (
			);
			dependencies = (
				7E8BCA722E0423E700BE5D13 /* PBXTargetDependency */,
			);
			name = TeamGenTests;
			packageProductDependencies = (
			);
			productName = TeamGenTests;
			productReference = 7E8BCA6D2E0423E700BE5D13 /* TeamGenTests.xctest */;
			productType = "com.apple.product-type.bundle.unit-test";
		};
		7E8BCAA02E04240500BE5D13 /* TeamGenUITests */ = {
			isa = PBXNativeTarget;
			buildConfigurationList = 7E8BCAA92E04240500BE5D13 /* Build configuration list for PBXNativeTarget "TeamGenUITests" */;
			buildPhases = (
				7E8BCA9D2E04240500BE5D13 /* Sources */,
				7E8BCA9E2E04240500BE5D13 /* Frameworks */,
				7E8BCA9F2E04240500BE5D13 /* Resources */,
			);
			buildRules = (
			);
			dependencies = (
				7E8BCAA82E04240500BE5D13 /* PBXTargetDependency */,
			);
			fileSystemSynchronizedGroups = (
				7E8BCAA22E04240500BE5D13 /* TeamGenUITests */,
				7E8BCAFC2E04617300BE5D13 /* TeamGenTests */,
			);
			name = TeamGenUITests;
			packageProductDependencies = (
			);
			productName = TeamGenUITests;
			productReference = 7E8BCAA12E04240500BE5D13 /* TeamGenUITests.xctest */;
			productType = "com.apple.product-type.bundle.ui-testing";
		};
/* End PBXNativeTarget section */

/* Begin PBXProject section */
		7E5123CD2DDF5BC600DF0831 /* Project object */ = {
			isa = PBXProject;
			attributes = {
				BuildIndependentTargetsInParallel = 1;
				LastSwiftUpdateCheck = 1640;
				LastUpgradeCheck = 1630;
				TargetAttributes = {
					7E5123D42DDF5BC600DF0831 = {
						CreatedOnToolsVersion = 16.3;
					};
					7E8BCA6C2E0423E700BE5D13 = {
						CreatedOnToolsVersion = 16.4;
						TestTargetID = 7E5123D42DDF5BC600DF0831;
					};
					7E8BCAA02E04240500BE5D13 = {
						CreatedOnToolsVersion = 16.4;
						TestTargetID = 7E5123D42DDF5BC600DF0831;
					};
				};
			};
			buildConfigurationList = 7E5123D02DDF5BC600DF0831 /* Build configuration list for PBXProject "TeamGen" */;
			developmentRegion = en;
			hasScannedForEncodings = 0;
			knownRegions = (
				en,
				Base,
			);
			mainGroup = 7E5123CC2DDF5BC600DF0831;
			minimizedProjectReferenceProxies = 1;
			preferredProjectObjectVersion = 77;
			productRefGroup = 7E5123D62DDF5BC600DF0831 /* Products */;
			projectDirPath = "";
			projectRoot = "";
			targets = (
				7E5123D42DDF5BC600DF0831 /* TeamGen */,
				7E8BCA6C2E0423E700BE5D13 /* TeamGenTests */,
				7E8BCAA02E04240500BE5D13 /* TeamGenUITests */,
			);
		};
/* End PBXProject section */

/* Begin PBXResourcesBuildPhase section */
		7E5123D32DDF5BC600DF0831 /* Resources */ = {
			isa = PBXResourcesBuildPhase;
			buildActionMask = 2147483647;
			files = (
			);
			runOnlyForDeploymentPostprocessing = 0;
		};
		7E8BCA6B2E0423E700BE5D13 /* Resources */ = {
			isa = PBXResourcesBuildPhase;
			buildActionMask = 2147483647;
			files = (
			);
			runOnlyForDeploymentPostprocessing = 0;
		};
		7E8BCA9F2E04240500BE5D13 /* Resources */ = {
			isa = PBXResourcesBuildPhase;
			buildActionMask = 2147483647;
			files = (
			);
			runOnlyForDeploymentPostprocessing = 0;
		};
/* End PBXResourcesBuildPhase section */

/* Begin PBXSourcesBuildPhase section */
		7E5123D12DDF5BC600DF0831 /* Sources */ = {
			isa = PBXSourcesBuildPhase;
			buildActionMask = 2147483647;
			files = (
			);
			runOnlyForDeploymentPostprocessing = 0;
		};
		7E8BCA692E0423E700BE5D13 /* Sources */ = {
			isa = PBXSourcesBuildPhase;
			buildActionMask = 2147483647;
			files = (
			);
			runOnlyForDeploymentPostprocessing = 0;
		};
		7E8BCA9D2E04240500BE5D13 /* Sources */ = {
			isa = PBXSourcesBuildPhase;
			buildActionMask = 2147483647;
			files = (
			);
			runOnlyForDeploymentPostprocessing = 0;
		};
/* End PBXSourcesBuildPhase section */

/* Begin PBXTargetDependency section */
		7E8BCA722E0423E700BE5D13 /* PBXTargetDependency */ = {
			isa = PBXTargetDependency;
			target = 7E5123D42DDF5BC600DF0831 /* TeamGen */;
			targetProxy = 7E8BCA712E0423E700BE5D13 /* PBXContainerItemProxy */;
		};
		7E8BCAA82E04240500BE5D13 /* PBXTargetDependency */ = {
			isa = PBXTargetDependency;
			target = 7E5123D42DDF5BC600DF0831 /* TeamGen */;
			targetProxy = 7E8BCAA72E04240500BE5D13 /* PBXContainerItemProxy */;
		};
/* End PBXTargetDependency section */

/* Begin XCBuildConfiguration section */
		7E5123E02DDF5BC600DF0831 /* Debug */ = {
			isa = XCBuildConfiguration;
			buildSettings = {
				ALWAYS_SEARCH_USER_PATHS = NO;
				ASSETCATALOG_COMPILER_GENERATE_SWIFT_ASSET_SYMBOL_EXTENSIONS = YES;
				CLANG_ANALYZER_NONNULL = YES;
				CLANG_ANALYZER_NUMBER_OBJECT_CONVERSION = YES_AGGRESSIVE;
				CLANG_CXX_LANGUAGE_STANDARD = "gnu++20";
				CLANG_ENABLE_MODULES = YES;
				CLANG_ENABLE_OBJC_ARC = YES;
				CLANG_ENABLE_OBJC_WEAK = YES;
				CLANG_WARN_BLOCK_CAPTURE_AUTORELEASING = YES;
				CLANG_WARN_BOOL_CONVERSION = YES;
				CLANG_WARN_COMMA = YES;
				CLANG_WARN_CONSTANT_CONVERSION = YES;
				CLANG_WARN_DEPRECATED_OBJC_IMPLEMENTATIONS = YES;
				CLANG_WARN_DIRECT_OBJC_ISA_USAGE = YES_ERROR;
				CLANG_WARN_DOCUMENTATION_COMMENTS = YES;
				CLANG_WARN_EMPTY_BODY = YES;
				CLANG_WARN_ENUM_CONVERSION = YES;
				CLANG_WARN_INFINITE_RECURSION = YES;
				CLANG_WARN_INT_CONVERSION = YES;
				CLANG_WARN_NON_LITERAL_NULL_CONVERSION = YES;
				CLANG_WARN_OBJC_IMPLICIT_RETAIN_SELF = YES;
				CLANG_WARN_OBJC_LITERAL_CONVERSION = YES;
				CLANG_WARN_OBJC_ROOT_CLASS = YES_ERROR;
				CLANG_WARN_QUOTED_INCLUDE_IN_FRAMEWORK_HEADER = YES;
				CLANG_WARN_RANGE_LOOP_ANALYSIS = YES;
				CLANG_WARN_STRICT_PROTOTYPES = YES;
				CLANG_WARN_SUSPICIOUS_MOVE = YES;
				CLANG_WARN_UNGUARDED_AVAILABILITY = YES_AGGRESSIVE;
				CLANG_WARN_UNREACHABLE_CODE = YES;
				CLANG_WARN__DUPLICATE_METHOD_MATCH = YES;
				COPY_PHASE_STRIP = NO;
				DEBUG_INFORMATION_FORMAT = dwarf;
				DEVELOPMENT_TEAM = JV4QB7FYS7;
				ENABLE_STRICT_OBJC_MSGSEND = YES;
				ENABLE_TESTABILITY = YES;
				ENABLE_USER_SCRIPT_SANDBOXING = YES;
				GCC_C_LANGUAGE_STANDARD = gnu17;
				GCC_DYNAMIC_NO_PIC = NO;
				GCC_NO_COMMON_BLOCKS = YES;
				GCC_OPTIMIZATION_LEVEL = 0;
				GCC_PREPROCESSOR_DEFINITIONS = (
					"DEBUG=1",
					"$(inherited)",
				);
				GCC_WARN_64_TO_32_BIT_CONVERSION = YES;
				GCC_WARN_ABOUT_RETURN_TYPE = YES_ERROR;
				GCC_WARN_UNDECLARED_SELECTOR = YES;
				GCC_WARN_UNINITIALIZED_AUTOS = YES_AGGRESSIVE;
				GCC_WARN_UNUSED_FUNCTION = YES;
				GCC_WARN_UNUSED_VARIABLE = YES;
				IPHONEOS_DEPLOYMENT_TARGET = 18.4;
				LOCALIZATION_PREFERS_STRING_CATALOGS = YES;
				MTL_ENABLE_DEBUG_INFO = INCLUDE_SOURCE;
				MTL_FAST_MATH = YES;
				ONLY_ACTIVE_ARCH = YES;
				SDKROOT = iphoneos;
				SWIFT_ACTIVE_COMPILATION_CONDITIONS = "DEBUG $(inherited)";
				SWIFT_OPTIMIZATION_LEVEL = "-Onone";
			};
			name = Debug;
		};
		7E5123E12DDF5BC600DF0831 /* Release */ = {
			isa = XCBuildConfiguration;
			buildSettings = {
				ALWAYS_SEARCH_USER_PATHS = NO;
				ASSETCATALOG_COMPILER_GENERATE_SWIFT_ASSET_SYMBOL_EXTENSIONS = YES;
				CLANG_ANALYZER_NONNULL = YES;
				CLANG_ANALYZER_NUMBER_OBJECT_CONVERSION = YES_AGGRESSIVE;
				CLANG_CXX_LANGUAGE_STANDARD = "gnu++20";
				CLANG_ENABLE_MODULES = YES;
				CLANG_ENABLE_OBJC_ARC = YES;
				CLANG_ENABLE_OBJC_WEAK = YES;
				CLANG_WARN_BLOCK_CAPTURE_AUTORELEASING = YES;
				CLANG_WARN_BOOL_CONVERSION = YES;
				CLANG_WARN_COMMA = YES;
				CLANG_WARN_CONSTANT_CONVERSION = YES;
				CLANG_WARN_DEPRECATED_OBJC_IMPLEMENTATIONS = YES;
				CLANG_WARN_DIRECT_OBJC_ISA_USAGE = YES_ERROR;
				CLANG_WARN_DOCUMENTATION_COMMENTS = YES;
				CLANG_WARN_EMPTY_BODY = YES;
				CLANG_WARN_ENUM_CONVERSION = YES;
				CLANG_WARN_INFINITE_RECURSION = YES;
				CLANG_WARN_INT_CONVERSION = YES;
				CLANG_WARN_NON_LITERAL_NULL_CONVERSION = YES;
				CLANG_WARN_OBJC_IMPLICIT_RETAIN_SELF = YES;
				CLANG_WARN_OBJC_LITERAL_CONVERSION = YES;
				CLANG_WARN_OBJC_ROOT_CLASS = YES_ERROR;
				CLANG_WARN_QUOTED_INCLUDE_IN_FRAMEWORK_HEADER = YES;
				CLANG_WARN_RANGE_LOOP_ANALYSIS = YES;
				CLANG_WARN_STRICT_PROTOTYPES = YES;
				CLANG_WARN_SUSPICIOUS_MOVE = YES;
				CLANG_WARN_UNGUARDED_AVAILABILITY = YES_AGGRESSIVE;
				CLANG_WARN_UNREACHABLE_CODE = YES;
				CLANG_WARN__DUPLICATE_METHOD_MATCH = YES;
				COPY_PHASE_STRIP = NO;
				DEBUG_INFORMATION_FORMAT = "dwarf-with-dsym";
				DEVELOPMENT_TEAM = JV4QB7FYS7;
				ENABLE_NS_ASSERTIONS = NO;
				ENABLE_STRICT_OBJC_MSGSEND = YES;
				ENABLE_USER_SCRIPT_SANDBOXING = YES;
				GCC_C_LANGUAGE_STANDARD = gnu17;
				GCC_NO_COMMON_BLOCKS = YES;
				GCC_WARN_64_TO_32_BIT_CONVERSION = YES;
				GCC_WARN_ABOUT_RETURN_TYPE = YES_ERROR;
				GCC_WARN_UNDECLARED_SELECTOR = YES;
				GCC_WARN_UNINITIALIZED_AUTOS = YES_AGGRESSIVE;
				GCC_WARN_UNUSED_FUNCTION = YES;
				GCC_WARN_UNUSED_VARIABLE = YES;
				IPHONEOS_DEPLOYMENT_TARGET = 18.4;
				LOCALIZATION_PREFERS_STRING_CATALOGS = YES;
				MTL_ENABLE_DEBUG_INFO = NO;
				MTL_FAST_MATH = YES;
				SDKROOT = iphoneos;
				SWIFT_COMPILATION_MODE = wholemodule;
				VALIDATE_PRODUCT = YES;
			};
			name = Release;
		};
		7E5123E32DDF5BC600DF0831 /* Debug */ = {
			isa = XCBuildConfiguration;
			buildSettings = {
				ASSETCATALOG_COMPILER_APPICON_NAME = AppIcon;
				ASSETCATALOG_COMPILER_GLOBAL_ACCENT_COLOR_NAME = AccentColor;
				CODE_SIGN_STYLE = Automatic;
				CURRENT_PROJECT_VERSION = 1;
				DEVELOPMENT_TEAM = JV4QB7FYS7;
				ENABLE_PREVIEWS = YES;
				GENERATE_INFOPLIST_FILE = YES;
				INFOPLIST_KEY_UIApplicationSceneManifest_Generation = YES;
				INFOPLIST_KEY_UIApplicationSupportsIndirectInputEvents = YES;
				INFOPLIST_KEY_UILaunchScreen_Generation = YES;
				INFOPLIST_KEY_UISupportedInterfaceOrientations = UIInterfaceOrientationPortrait;
				LD_RUNPATH_SEARCH_PATHS = (
					"$(inherited)",
					"@executable_path/Frameworks",
				);
				MARKETING_VERSION = 1.0;
				PRODUCT_BUNDLE_IDENTIFIER = com.savvydev.TeamGen;
				PRODUCT_NAME = "$(TARGET_NAME)";
				SWIFT_EMIT_LOC_STRINGS = YES;
				SWIFT_VERSION = 5.0;
				TARGETED_DEVICE_FAMILY = 1;
			};
			name = Debug;
		};
		7E5123E42DDF5BC600DF0831 /* Release */ = {
			isa = XCBuildConfiguration;
			buildSettings = {
				ASSETCATALOG_COMPILER_APPICON_NAME = AppIcon;
				ASSETCATALOG_COMPILER_GLOBAL_ACCENT_COLOR_NAME = AccentColor;
				CODE_SIGN_STYLE = Automatic;
				CURRENT_PROJECT_VERSION = 1;
				DEVELOPMENT_TEAM = JV4QB7FYS7;
				ENABLE_PREVIEWS = YES;
				GENERATE_INFOPLIST_FILE = YES;
				INFOPLIST_KEY_UIApplicationSceneManifest_Generation = YES;
				INFOPLIST_KEY_UIApplicationSupportsIndirectInputEvents = YES;
				INFOPLIST_KEY_UILaunchScreen_Generation = YES;
				INFOPLIST_KEY_UISupportedInterfaceOrientations = UIInterfaceOrientationPortrait;
				LD_RUNPATH_SEARCH_PATHS = (
					"$(inherited)",
					"@executable_path/Frameworks",
				);
				MARKETING_VERSION = 1.0;
				PRODUCT_BUNDLE_IDENTIFIER = com.savvydev.TeamGen;
				PRODUCT_NAME = "$(TARGET_NAME)";
				SWIFT_EMIT_LOC_STRINGS = YES;
				SWIFT_VERSION = 5.0;
				TARGETED_DEVICE_FAMILY = 1;
			};
			name = Release;
		};
		7E8BCA732E0423E700BE5D13 /* Debug */ = {
			isa = XCBuildConfiguration;
			buildSettings = {
				BUNDLE_LOADER = "$(TEST_HOST)";
				CODE_SIGN_STYLE = Automatic;
				CURRENT_PROJECT_VERSION = 1;
				DEVELOPMENT_TEAM = JV4QB7FYS7;
				GENERATE_INFOPLIST_FILE = YES;
				IPHONEOS_DEPLOYMENT_TARGET = 18.5;
				MARKETING_VERSION = 1.0;
				PRODUCT_BUNDLE_IDENTIFIER = com.savvydev.TeamGenTests;
				PRODUCT_NAME = "$(TARGET_NAME)";
				SWIFT_EMIT_LOC_STRINGS = NO;
				SWIFT_VERSION = 5.0;
				TARGETED_DEVICE_FAMILY = "1,2";
				TEST_HOST = "$(BUILT_PRODUCTS_DIR)/TeamGen.app/$(BUNDLE_EXECUTABLE_FOLDER_PATH)/TeamGen";
			};
			name = Debug;
		};
		7E8BCA742E0423E700BE5D13 /* Release */ = {
			isa = XCBuildConfiguration;
			buildSettings = {
				BUNDLE_LOADER = "$(TEST_HOST)";
				CODE_SIGN_STYLE = Automatic;
				CURRENT_PROJECT_VERSION = 1;
				DEVELOPMENT_TEAM = JV4QB7FYS7;
				GENERATE_INFOPLIST_FILE = YES;
				IPHONEOS_DEPLOYMENT_TARGET = 18.5;
				MARKETING_VERSION = 1.0;
				PRODUCT_BUNDLE_IDENTIFIER = com.savvydev.TeamGenTests;
				PRODUCT_NAME = "$(TARGET_NAME)";
				SWIFT_EMIT_LOC_STRINGS = NO;
				SWIFT_VERSION = 5.0;
				TARGETED_DEVICE_FAMILY = "1,2";
				TEST_HOST = "$(BUILT_PRODUCTS_DIR)/TeamGen.app/$(BUNDLE_EXECUTABLE_FOLDER_PATH)/TeamGen";
			};
			name = Release;
		};
		7E8BCAAA2E04240500BE5D13 /* Debug */ = {
			isa = XCBuildConfiguration;
			buildSettings = {
				CODE_SIGN_STYLE = Automatic;
				CURRENT_PROJECT_VERSION = 1;
				DEVELOPMENT_TEAM = JV4QB7FYS7;
				GENERATE_INFOPLIST_FILE = YES;
				IPHONEOS_DEPLOYMENT_TARGET = 18.5;
				MARKETING_VERSION = 1.0;
				PRODUCT_BUNDLE_IDENTIFIER = com.savvydev.TeamGenUITests;
				PRODUCT_NAME = "$(TARGET_NAME)";
				SWIFT_EMIT_LOC_STRINGS = NO;
				SWIFT_VERSION = 5.0;
				TARGETED_DEVICE_FAMILY = "1,2";
				TEST_TARGET_NAME = TeamGen;
			};
			name = Debug;
		};
		7E8BCAAB2E04240500BE5D13 /* Release */ = {
			isa = XCBuildConfiguration;
			buildSettings = {
				CODE_SIGN_STYLE = Automatic;
				CURRENT_PROJECT_VERSION = 1;
				DEVELOPMENT_TEAM = JV4QB7FYS7;
				GENERATE_INFOPLIST_FILE = YES;
				IPHONEOS_DEPLOYMENT_TARGET = 18.5;
				MARKETING_VERSION = 1.0;
				PRODUCT_BUNDLE_IDENTIFIER = com.savvydev.TeamGenUITests;
				PRODUCT_NAME = "$(TARGET_NAME)";
				SWIFT_EMIT_LOC_STRINGS = NO;
				SWIFT_VERSION = 5.0;
				TARGETED_DEVICE_FAMILY = "1,2";
				TEST_TARGET_NAME = TeamGen;
			};
			name = Release;
		};
/* End XCBuildConfiguration section */

/* Begin XCConfigurationList section */
		7E5123D02DDF5BC600DF0831 /* Build configuration list for PBXProject "TeamGen" */ = {
			isa = XCConfigurationList;
			buildConfigurations = (
				7E5123E02DDF5BC600DF0831 /* Debug */,
				7E5123E12DDF5BC600DF0831 /* Release */,
			);
			defaultConfigurationIsVisible = 0;
			defaultConfigurationName = Release;
		};
		7E5123E22DDF5BC600DF0831 /* Build configuration list for PBXNativeTarget "TeamGen" */ = {
			isa = XCConfigurationList;
			buildConfigurations = (
				7E5123E32DDF5BC600DF0831 /* Debug */,
				7E5123E42DDF5BC600DF0831 /* Release */,
			);
			defaultConfigurationIsVisible = 0;
			defaultConfigurationName = Release;
		};
		7E8BCA752E0423E700BE5D13 /* Build configuration list for PBXNativeTarget "TeamGenTests" */ = {
			isa = XCConfigurationList;
			buildConfigurations = (
				7E8BCA732E0423E700BE5D13 /* Debug */,
				7E8BCA742E0423E700BE5D13 /* Release */,
			);
			defaultConfigurationIsVisible = 0;
			defaultConfigurationName = Release;
		};
		7E8BCAA92E04240500BE5D13 /* Build configuration list for PBXNativeTarget "TeamGenUITests" */ = {
			isa = XCConfigurationList;
			buildConfigurations = (
				7E8BCAAA2E04240500BE5D13 /* Debug */,
				7E8BCAAB2E04240500BE5D13 /* Release */,
			);
			defaultConfigurationIsVisible = 0;
			defaultConfigurationName = Release;
		};
/* End XCConfigurationList section */
	};
	rootObject = 7E5123CD2DDF5BC600DF0831 /* Project object */;
}
